
Microsoft Visual Studio Solution File, Format Version 12.00
# Visual Studio 14
VisualStudioVersion = 14.0.25420.1
MinimumVisualStudioVersion = 10.0.40219.1
Project("{FAE04EC0-301F-11D3-BF4B-00C04F79EFBC}") = "ConsoleApplication16", "ConsoleApplication16\ConsoleApplication16.csproj", "{DAA854DB-21DD-481A-A667-1B6822CBF5EA}"
EndProject
Global
	GlobalSection(SolutionConfigurationPlatforms) = preSolution
		Debug|Any CPU = Debug|Any CPU
		Release|Any CPU = Release|Any CPU
	EndGlobalSection
	GlobalSection(ProjectConfigurationPlatforms) = postSolution
		{DAA854DB-21DD-481A-A667-1B6822CBF5EA}.Debug|Any CPU.ActiveCfg = Debug|Any CPU
		{DAA854DB-21DD-481A-A667-1B6822CBF5EA}.Debug|Any CPU.Build.0 = Debug|Any CPU
		{DAA854DB-21DD-481A-A667-1B6822CBF5EA}.Release|Any CPU.ActiveCfg = Release|Any CPU
		{DAA854DB-21DD-481A-A667-1B6822CBF5EA}.Release|Any CPU.Build.0 = Release|Any CPU
	EndGlobalSection
	GlobalSection(SolutionProperties) = preSolution
		HideSolutionNode = FALSE
	EndGlobalSection
EndGlobal
