
Microsoft Visual Studio Solution File, Format Version 12.00
# Visual Studio 14
VisualStudioVersion = 14.0.25420.1
MinimumVisualStudioVersion = 10.0.40219.1
Project("{FAE04EC0-301F-11D3-BF4B-00C04F79EFBC}") = "sanzhik", "sanzhik\sanzhik.csproj", "{234CCF9D-3BFE-4B7A-A41D-45EDFF579A9D}"
EndProject
Global
	GlobalSection(SolutionConfigurationPlatforms) = preSolution
		Debug|Any CPU = Debug|Any CPU
		Release|Any CPU = Release|Any CPU
	EndGlobalSection
	GlobalSection(ProjectConfigurationPlatforms) = postSolution
		{234CCF9D-3BFE-4B7A-A41D-45EDFF579A9D}.Debug|Any CPU.ActiveCfg = Debug|Any CPU
		{234CCF9D-3BFE-4B7A-A41D-45EDFF579A9D}.Debug|Any CPU.Build.0 = Debug|Any CPU
		{234CCF9D-3BFE-4B7A-A41D-45EDFF579A9D}.Release|Any CPU.ActiveCfg = Release|Any CPU
		{234CCF9D-3BFE-4B7A-A41D-45EDFF579A9D}.Release|Any CPU.Build.0 = Release|Any CPU
	EndGlobalSection
	GlobalSection(SolutionProperties) = preSolution
		HideSolutionNode = FALSE
	EndGlobalSection
EndGlobal
